PODS:
  - Masonry (1.1.0)
  - MJExtension (3.2.2)
  - SDWebImage (5.9.1):
    - SDWebImage/Core (= 5.9.1)
  - SDWebImage/Core (5.9.1)
  - YBImageBrowser (3.0.9):
    - YBImageBrowser/Core (= 3.0.9)
  - YBImageBrowser/Core (3.0.9):
    - SDWebImage (>= 5.0.0)
    - YYImage
  - YYCategories (1.0.4):
    - YYCategories/no-arc (= 1.0.4)
  - YYCategories/no-arc (1.0.4)
  - YYImage (1.0.4):
    - YYImage/Core (= 1.0.4)
  - YYImage/Core (1.0.4)

DEPENDENCIES:
  - Masonry
  - MJExtension
  - YBImageBrowser
  - YYCategories
  - YYImage (from `https://github.com/QiuYeHong90/YYImage.git`)

SPEC REPOS:
  https://github.com/CocoaPods/Specs.git:
    - Masonry
    - MJExtension
    - SDWebImage
    - YBImageBrowser
    - YYCategories

EXTERNAL SOURCES:
  YYImage:
    :git: https://github.com/QiuYeHong90/YYImage.git

CHECKOUT OPTIONS:
  YYImage:
    :commit: 4164acb76e8979c0612530bd874e099a1fa51e9d
    :git: https://github.com/QiuYeHong90/YYImage.git

SPEC CHECKSUMS:
  Masonry: 678fab65091a9290e40e2832a55e7ab731aad201
  MJExtension: d9b9c74cbdeb724c1e9ecbb157b318276e62e876
  SDWebImage: a990c053fff71e388a10f3357edb0be17929c9c5
  YBImageBrowser: 7ecc8bf33ffa5f3b94c397c29b4f3638dd37f527
  YYCategories: 6bcd4314c6661a561410dce4a793379ebd306abd
  YYImage: 20ec986d18a8d0ad421619d166a9e628097e2433

PODFILE CHECKSUM: 2946fa4bb6f917c1a9f77455bd079dce5632aab6

COCOAPODS: 1.10.0
