PODS:
  - Masonry (1.1.0)
  - MJExtension (3.2.2)

DEPENDENCIES:
  - Masonry
  - MJExtension

SPEC REPOS:
  https://github.com/CocoaPods/Specs.git:
    - Masonry
    - MJExtension

SPEC CHECKSUMS:
  Masonry: 678fab65091a9290e40e2832a55e7ab731aad201
  MJExtension: d9b9c74cbdeb724c1e9ecbb157b318276e62e876

PODFILE CHECKSUM: 8ec543fa8badf250bbead4e602d4be8687e3cf45

COCOAPODS: 1.9.3
